
Microsoft Visual Studio Solution File, Format Version 12.00
# Visual Studio Version 16
VisualStudioVersion = 16.0.30503.244
MinimumVisualStudioVersion = 10.0.40219.1
Project("{9A19103F-16F7-4668-BE54-9A1E7A4F7556}") = "LambdaQuipToS3Exporter", "LambdaQuipToS3Exporter\LambdaQuipToS3Exporter.csproj", "{D51A88F8-25D2-41F0-888F-BB00605469D0}"
EndProject
Project("{9A19103F-16F7-4668-BE54-9A1E7A4F7556}") = "LambdaQuipToS3Exporter.Tests", "LambdaQuipToS3Exporter.Tests\LambdaQuipToS3Exporter.Tests.csproj", "{005BB23D-7BF9-4F95-955E-FACE0A872E83}"
EndProject
Project("{9A19103F-16F7-4668-BE54-9A1E7A4F7556}") = "QuipToS3ExporterCdk", "QuipToS3ExporterCdk\QuipToS3ExporterCdk.csproj", "{B29D9C21-8074-45DE-8028-A79858891968}"
EndProject
Project("{2150E333-8FDC-42A3-9474-1A3956D46DE8}") = "Solution Items", "Solution Items", "{4470495E-82E0-4732-9855-591A7D299D61}"
	ProjectSection(SolutionItems) = preProject
		..\README.md = ..\README.md
	EndProjectSection
EndProject
Project("{9A19103F-16F7-4668-BE54-9A1E7A4F7556}") = "QuipApi", "QuipApi\QuipApi.csproj", "{A9D42FAE-FF75-47A3-A453-F8915BD0273C}"
EndProject
Project("{9A19103F-16F7-4668-BE54-9A1E7A4F7556}") = "ExcelToJsonExporter", "ExcelToJsonExporter\ExcelToJsonExporter.csproj", "{AF1CCD67-F010-41B0-9834-070D9EB77D9E}"
EndProject
Global
	GlobalSection(SolutionConfigurationPlatforms) = preSolution
		Debug|Any CPU = Debug|Any CPU
		Release|Any CPU = Release|Any CPU
	EndGlobalSection
	GlobalSection(ProjectConfigurationPlatforms) = postSolution
		{D51A88F8-25D2-41F0-888F-BB00605469D0}.Debug|Any CPU.ActiveCfg = Debug|Any CPU
		{D51A88F8-25D2-41F0-888F-BB00605469D0}.Debug|Any CPU.Build.0 = Debug|Any CPU
		{D51A88F8-25D2-41F0-888F-BB00605469D0}.Release|Any CPU.ActiveCfg = Release|Any CPU
		{D51A88F8-25D2-41F0-888F-BB00605469D0}.Release|Any CPU.Build.0 = Release|Any CPU
		{005BB23D-7BF9-4F95-955E-FACE0A872E83}.Debug|Any CPU.ActiveCfg = Debug|Any CPU
		{005BB23D-7BF9-4F95-955E-FACE0A872E83}.Debug|Any CPU.Build.0 = Debug|Any CPU
		{005BB23D-7BF9-4F95-955E-FACE0A872E83}.Release|Any CPU.ActiveCfg = Release|Any CPU
		{005BB23D-7BF9-4F95-955E-FACE0A872E83}.Release|Any CPU.Build.0 = Release|Any CPU
		{B29D9C21-8074-45DE-8028-A79858891968}.Debug|Any CPU.ActiveCfg = Debug|Any CPU
		{B29D9C21-8074-45DE-8028-A79858891968}.Debug|Any CPU.Build.0 = Debug|Any CPU
		{B29D9C21-8074-45DE-8028-A79858891968}.Release|Any CPU.ActiveCfg = Release|Any CPU
		{B29D9C21-8074-45DE-8028-A79858891968}.Release|Any CPU.Build.0 = Release|Any CPU
		{A9D42FAE-FF75-47A3-A453-F8915BD0273C}.Debug|Any CPU.ActiveCfg = Debug|Any CPU
		{A9D42FAE-FF75-47A3-A453-F8915BD0273C}.Debug|Any CPU.Build.0 = Debug|Any CPU
		{A9D42FAE-FF75-47A3-A453-F8915BD0273C}.Release|Any CPU.ActiveCfg = Release|Any CPU
		{A9D42FAE-FF75-47A3-A453-F8915BD0273C}.Release|Any CPU.Build.0 = Release|Any CPU
		{AF1CCD67-F010-41B0-9834-070D9EB77D9E}.Debug|Any CPU.ActiveCfg = Debug|Any CPU
		{AF1CCD67-F010-41B0-9834-070D9EB77D9E}.Debug|Any CPU.Build.0 = Debug|Any CPU
		{AF1CCD67-F010-41B0-9834-070D9EB77D9E}.Release|Any CPU.ActiveCfg = Release|Any CPU
		{AF1CCD67-F010-41B0-9834-070D9EB77D9E}.Release|Any CPU.Build.0 = Release|Any CPU
	EndGlobalSection
	GlobalSection(SolutionProperties) = preSolution
		HideSolutionNode = FALSE
	EndGlobalSection
	GlobalSection(ExtensibilityGlobals) = postSolution
		SolutionGuid = {48389970-3CF9-489A-9587-26C2D6648277}
	EndGlobalSection
EndGlobal
